
Microsoft Visual Studio Solution File, Format Version 12.00
# Visual Studio 15
VisualStudioVersion = 15.0.28010.2036
MinimumVisualStudioVersion = 10.0.40219.1
Project("{FAE04EC0-301F-11D3-BF4B-00C04F79EFBC}") = "EmmaDatasets", "EmmaDatasets\EmmaDatasets.csproj", "{A288A544-7A72-428D-A71A-D18E11366989}"
EndProject
Global
	GlobalSection(SolutionConfigurationPlatforms) = preSolution
		Debug|Any CPU = Debug|Any CPU
		Release|Any CPU = Release|Any CPU
	EndGlobalSection
	GlobalSection(ProjectConfigurationPlatforms) = postSolution
		{A288A544-7A72-428D-A71A-D18E11366989}.Debug|Any CPU.ActiveCfg = Debug|Any CPU
		{A288A544-7A72-428D-A71A-D18E11366989}.Debug|Any CPU.Build.0 = Debug|Any CPU
		{A288A544-7A72-428D-A71A-D18E11366989}.Release|Any CPU.ActiveCfg = Release|Any CPU
		{A288A544-7A72-428D-A71A-D18E11366989}.Release|Any CPU.Build.0 = Release|Any CPU
	EndGlobalSection
	GlobalSection(SolutionProperties) = preSolution
		HideSolutionNode = FALSE
	EndGlobalSection
	GlobalSection(ExtensibilityGlobals) = postSolution
		SolutionGuid = {11110B7E-F563-40C1-B4F6-7225A1E3E9C1}
	EndGlobalSection
EndGlobal
